{
    "_meta": {
        "hash": {
            "sha256": "6908bec0effc068c5942111d5ce108626cd428cfd0cb2f72f91f5f5e96693274"
        },
        "pipfile-spec": 6,
        "requires": {
            "python_version": "3.12"
        },
        "sources": [
            {
                "name": "pypi",
                "url": "https://pypi.org/simple",
                "verify_ssl": true
            }
        ]
    },
    "default": {
        "mnemonic": {
            "hashes": [
                "sha256:1fe496356820984f45559b1540c80ff10de448368929b9c60a2b55744cc88acf",
                "sha256:72dc9de16ec5ef47287237b9b6943da11647a03fe7cf1f139fc3d7c4a7439288"
            ],
            "index": "pypi",
            "markers": "python_full_version >= '3.8.1'",
            "version": "==0.21"
        }
    },
    "develop": {}
}
